{
  "name": "mlbbdia",
  "lockfileVersion": 2,
  "requires": true,
  "packages": {
    "": {
      "dependencies": {
        "vim": "^0.1.0"
      }
    },
    "node_modules/vim": {
      "version": "0.1.0",
      "resolved": "https://registry.npmjs.org/vim/-/vim-0.1.0.tgz",
      "integrity": "sha1-3eyHK8ipNMxRZ8I/nbzkg5wWmac=",
      "bin": {
        "vim": "bin/vim"
      }
    }
  },
  "dependencies": {
    "vim": {
      "version": "0.1.0",
      "resolved": "https://registry.npmjs.org/vim/-/vim-0.1.0.tgz",
      "integrity": "sha1-3eyHK8ipNMxRZ8I/nbzkg5wWmac="
    }
  }
}
